<?xml version="1.0" encoding="utf-8"?>
<Project ToolsVersion="4.0" xmlns="http://schemas.microsoft.com/developer/msbuild/2003">
  <ItemGroup>
    <Filter Include="Source Files">
      <UniqueIdentifier>{4FC737F1-C7A5-4376-A066-2A32D752A2FF}</UniqueIdentifier>
      <Extensions>cpp;c;cc;cxx;def;odl;idl;hpj;bat;asm;asmx</Extensions>
    </Filter>
    <Filter Include="Header Files">
      <UniqueIdentifier>{93995380-89BD-4b04-88EB-625FBE52EBFB}</UniqueIdentifier>
      <Extensions>h;hh;hpp;hxx;hm;inl;inc;ipp;xsd</Extensions>
    </Filter>
    <Filter Include="Resource Files">
      <UniqueIdentifier>{67DA6AB6-F800-4c08-8B7A-83BB121AAD01}</UniqueIdentifier>
      <Extensions>rc;ico;cur;bmp;dlg;rc2;rct;bin;rgs;gif;jpg;jpeg;jpe;resx;tiff;tif;png;wav;mfcribbon-ms</Extensions>
    </Filter>
    <Filter Include="etc">
      <UniqueIdentifier>{c27916e6-2986-4cf4-b618-991e007063f8}</UniqueIdentifier>
    </Filter>
  </ItemGroup>
  <ItemGroup>
    <ClInclude Include="..\include\ce\ceConfig.h">
      <Filter>Header Files</Filter>
    </ClInclude>
    <ClInclude Include="..\include\ce\ceDateTime.h">
      <Filter>Header Files</Filter>
    </ClInclude>
    <ClInclude Include="..\include\ce\ceFrame.h">
      <Filter>Header Files</Filter>
    </ClInclude>
    <ClInclude Include="..\include\ce\ceI2C.h">
      <Filter>Header Files</Filter>
    </ClInclude>
    <ClInclude Include="..\include\ce\ceLog.h">
      <Filter>Header Files</Filter>
    </ClInclude>
    <ClInclude Include="..\include\ce\ceMisc.h">
      <Filter>Header Files</Filter>
    </ClInclude>
    <ClInclude Include="..\include\ce\ceMmDateTime.h">
      <Filter>Header Files</Filter>
    </ClInclude>
    <ClInclude Include="..\include\ce\cePCA9535.h">
      <Filter>Header Files</Filter>
    </ClInclude>
    <ClInclude Include="..\include\ce\ceSerial.h">
      <Filter>Header Files</Filter>
    </ClInclude>
    <ClInclude Include="..\include\ce\ceUDP.h">
      <Filter>Header Files</Filter>
    </ClInclude>
    <ClInclude Include="..\include\ce\ceUtil.h">
      <Filter>Header Files</Filter>
    </ClInclude>
    <ClInclude Include="..\include\ce\ceWxTmr.h">
      <Filter>Header Files</Filter>
    </ClInclude>
    <ClInclude Include="..\include\ce\ceMacros.h">
      <Filter>Header Files</Filter>
    </ClInclude>
    <ClInclude Include="..\include\ce\cewxcvMisc.h">
      <Filter>Header Files</Filter>
    </ClInclude>
    <ClInclude Include="..\include\ce\ceModbus.h">
      <Filter>Header Files</Filter>
    </ClInclude>
    <ClInclude Include="..\include\ce\ceFraCmd.h">
      <Filter>Header Files</Filter>
    </ClInclude>
    <ClInclude Include="..\include\ce\ceWxSerial.h">
      <Filter>Header Files</Filter>
    </ClInclude>
    <ClInclude Include="..\include\ce\ceFraChecksum.h">
      <Filter>Header Files</Filter>
    </ClInclude>
    <ClInclude Include="..\include\ce\ceDES.h">
      <Filter>Header Files</Filter>
    </ClInclude>
    <ClInclude Include="..\include\ce\ceSHA1.h">
      <Filter>Header Files</Filter>
    </ClInclude>
    <ClInclude Include="..\include\ce\ceRSA_OS.h">
      <Filter>Header Files</Filter>
    </ClInclude>
    <ClInclude Include="..\include\ce\ceTcpServer.h">
      <Filter>Header Files</Filter>
    </ClInclude>
    <ClInclude Include="..\include\ce\ceTcpClient.h">
      <Filter>Header Files</Filter>
    </ClInclude>
  </ItemGroup>
  <ItemGroup>
    <ClCompile Include="..\src\ceConfig.cpp">
      <Filter>Source Files</Filter>
    </ClCompile>
    <ClCompile Include="..\src\ceDateTime.cpp">
      <Filter>Source Files</Filter>
    </ClCompile>
    <ClCompile Include="..\src\ceFrame.cpp">
      <Filter>Source Files</Filter>
    </ClCompile>
    <ClCompile Include="..\src\ceI2C.cpp">
      <Filter>Source Files</Filter>
    </ClCompile>
    <ClCompile Include="..\src\ceLog.cpp">
      <Filter>Source Files</Filter>
    </ClCompile>
    <ClCompile Include="..\src\ceMisc.cpp">
      <Filter>Source Files</Filter>
    </ClCompile>
    <ClCompile Include="..\src\ceMmDateTime.cpp">
      <Filter>Source Files</Filter>
    </ClCompile>
    <ClCompile Include="..\src\cePCA9535.cpp">
      <Filter>Source Files</Filter>
    </ClCompile>
    <ClCompile Include="..\src\ceSerial.cpp">
      <Filter>Source Files</Filter>
    </ClCompile>
    <ClCompile Include="..\src\ceUDP.cpp">
      <Filter>Source Files</Filter>
    </ClCompile>
    <ClCompile Include="..\src\ceWxTmr.cpp">
      <Filter>Source Files</Filter>
    </ClCompile>
    <ClCompile Include="..\src\cewxcvMisc.cpp">
      <Filter>Source Files</Filter>
    </ClCompile>
    <ClCompile Include="..\src\ceModbus.cpp">
      <Filter>Source Files</Filter>
    </ClCompile>
    <ClCompile Include="..\src\ceFraCmd.cpp">
      <Filter>Source Files</Filter>
    </ClCompile>
    <ClCompile Include="..\src\ceWxSerial.cpp">
      <Filter>Source Files</Filter>
    </ClCompile>
    <ClCompile Include="..\src\ceFraChecksum.cpp">
      <Filter>Source Files</Filter>
    </ClCompile>
    <ClCompile Include="..\src\ceDES.cpp">
      <Filter>Source Files</Filter>
    </ClCompile>
    <ClCompile Include="..\src\ceSHA1.cpp">
      <Filter>Source Files</Filter>
    </ClCompile>
    <ClCompile Include="..\src\ceRSA_OS.cpp">
      <Filter>Source Files</Filter>
    </ClCompile>
    <ClCompile Include="..\src\ceTcpServer.cpp">
      <Filter>Source Files</Filter>
    </ClCompile>
    <ClCompile Include="..\src\ceTcpClient.cpp">
      <Filter>Source Files</Filter>
    </ClCompile>
  </ItemGroup>
  <ItemGroup>
    <Text Include="..\CMakeLists.txt">
      <Filter>etc</Filter>
    </Text>
  </ItemGroup>
</Project>